// !$*UTF8*$!
{
	archiveVersion = 1;
	classes = {
	};
	objectVersion = 50;
	objects = {

/* Begin PBXBuildFile section */
		6037BBD9207F89D400506D7B /* AppDelegate.swift in Sources */ = {isa = PBXBuildFile; fileRef = 6037BBD8207F89D400506D7B /* AppDelegate.swift */; };
		6037BBDB207F89D400506D7B /* ViewController.swift in Sources */ = {isa = PBXBuildFile; fileRef = 6037BBDA207F89D400506D7B /* ViewController.swift */; };
		6037BBDE207F89D400506D7B /* Main.storyboard in Resources */ = {isa = PBXBuildFile; fileRef = 6037BBDC207F89D400506D7B /* Main.storyboard */; };
		6037BBE0207F89D500506D7B /* Assets.xcassets in Resources */ = {isa = PBXBuildFile; fileRef = 6037BBDF207F89D500506D7B /* Assets.xcassets */; };
		6037BBE3207F89D500506D7B /* LaunchScreen.storyboard in Resources */ = {isa = PBXBuildFile; fileRef = 6037BBE1207F89D500506D7B /* LaunchScreen.storyboard */; };
		6037BBEE207F89D500506D7B /* PhotoMasterTests.swift in Sources */ = {isa = PBXBuildFile; fileRef = 6037BBED207F89D500506D7B /* PhotoMasterTests.swift */; };
		6037BBF9207F89D500506D7B /* PhotoMasterUITests.swift in Sources */ = {isa = PBXBuildFile; fileRef = 6037BBF8207F89D500506D7B /* PhotoMasterUITests.swift */; };
		6037BC09207F9C3C00506D7B /* furo_ducky.jpg in Resources */ = {isa = PBXBuildFile; fileRef = 6037BC08207F9C3C00506D7B /* furo_ducky.jpg */; };
/* End PBXBuildFile section */

/* Begin PBXContainerItemProxy section */
		6037BBEA207F89D500506D7B /* PBXContainerItemProxy */ = {
			isa = PBXContainerItemProxy;
			containerPortal = 6037BBCD207F89D400506D7B /* Project object */;
			proxyType = 1;
			remoteGlobalIDString = 6037BBD4207F89D400506D7B;
			remoteInfo = PhotoMaster;
		};
		6037BBF5207F89D500506D7B /* PBXContainerItemProxy */ = {
			isa = PBXContainerItemProxy;
			containerPortal = 6037BBCD207F89D400506D7B /* Project object */;
			proxyType = 1;
			remoteGlobalIDString = 6037BBD4207F89D400506D7B;
			remoteInfo = PhotoMaster;
		};
/* End PBXContainerItemProxy section */

/* Begin PBXFileReference section */
		6037BBD5207F89D400506D7B /* PhotoMaster.app */ = {isa = PBXFileReference; explicitFileType = wrapper.application; includeInIndex = 0; path = PhotoMaster.app; sourceTree = BUILT_PRODUCTS_DIR; };
		6037BBD8207F89D400506D7B /* AppDelegate.swift */ = {isa = PBXFileReference; lastKnownFileType = sourcecode.swift; path = AppDelegate.swift; sourceTree = "<group>"; };
		6037BBDA207F89D400506D7B /* ViewController.swift */ = {isa = PBXFileReference; lastKnownFileType = sourcecode.swift; path = ViewController.swift; sourceTree = "<group>"; };
		6037BBDD207F89D400506D7B /* Base */ = {isa = PBXFileReference; lastKnownFileType = file.storyboard; name = Base; path = Base.lproj/Main.storyboard; sourceTree = "<group>"; };
		6037BBDF207F89D500506D7B /* Assets.xcassets */ = {isa = PBXFileReference; lastKnownFileType = folder.assetcatalog; path = Assets.xcassets; sourceTree = "<group>"; };
		6037BBE2207F89D500506D7B /* Base */ = {isa = PBXFileReference; lastKnownFileType = file.storyboard; name = Base; path = Base.lproj/LaunchScreen.storyboard; sourceTree = "<group>"; };
		6037BBE4207F89D500506D7B /* Info.plist */ = {isa = PBXFileReference; lastKnownFileType = text.plist.xml; path = Info.plist; sourceTree = "<group>"; };
		6037BBE9207F89D500506D7B /* PhotoMasterTests.xctest */ = {isa = PBXFileReference; explicitFileType = wrapper.cfbundle; includeInIndex = 0; path = PhotoMasterTests.xctest; sourceTree = BUILT_PRODUCTS_DIR; };
		6037BBED207F89D500506D7B /* PhotoMasterTests.swift */ = {isa = PBXFileReference; lastKnownFileType = sourcecode.swift; path = PhotoMasterTests.swift; sourceTree = "<group>"; };
		6037BBEF207F89D500506D7B /* Info.plist */ = {isa = PBXFileReference; lastKnownFileType = text.plist.xml; path = Info.plist; sourceTree = "<group>"; };
		6037BBF4207F89D500506D7B /* PhotoMasterUITests.xctest */ = {isa = PBXFileReference; explicitFileType = wrapper.cfbundle; includeInIndex = 0; path = PhotoMasterUITests.xctest; sourceTree = BUILT_PRODUCTS_DIR; };
		6037BBF8207F89D500506D7B /* PhotoMasterUITests.swift */ = {isa = PBXFileReference; lastKnownFileType = sourcecode.swift; path = PhotoMasterUITests.swift; sourceTree = "<group>"; };
		6037BBFA207F89D500506D7B /* Info.plist */ = {isa = PBXFileReference; lastKnownFileType = text.plist.xml; path = Info.plist; sourceTree = "<group>"; };
		6037BC08207F9C3C00506D7B /* furo_ducky.jpg */ = {isa = PBXFileReference; lastKnownFileType = image.jpeg; path = furo_ducky.jpg; sourceTree = "<group>"; };
/* End PBXFileReference section */

/* Begin PBXFrameworksBuildPhase section */
		6037BBD2207F89D400506D7B /* Frameworks */ = {
			isa = PBXFrameworksBuildPhase;
			buildActionMask = 2147483647;
			files = (
			);
			runOnlyForDeploymentPostprocessing = 0;
		};
		6037BBE6207F89D500506D7B /* Frameworks */ = {
			isa = PBXFrameworksBuildPhase;
			buildActionMask = 2147483647;
			files = (
			);
			runOnlyForDeploymentPostprocessing = 0;
		};
		6037BBF1207F89D500506D7B /* Frameworks */ = {
			isa = PBXFrameworksBuildPhase;
			buildActionMask = 2147483647;
			files = (
			);
			runOnlyForDeploymentPostprocessing = 0;
		};
/* End PBXFrameworksBuildPhase section */

/* Begin PBXGroup section */
		6037BBCC207F89D400506D7B = {
			isa = PBXGroup;
			children = (
				6037BBD7207F89D400506D7B /* PhotoMaster */,
				6037BBEC207F89D500506D7B /* PhotoMasterTests */,
				6037BBF7207F89D500506D7B /* PhotoMasterUITests */,
				6037BBD6207F89D400506D7B /* Products */,
			);
			sourceTree = "<group>";
		};
		6037BBD6207F89D400506D7B /* Products */ = {
			isa = PBXGroup;
			children = (
				6037BBD5207F89D400506D7B /* PhotoMaster.app */,
				6037BBE9207F89D500506D7B /* PhotoMasterTests.xctest */,
				6037BBF4207F89D500506D7B /* PhotoMasterUITests.xctest */,
			);
			name = Products;
			sourceTree = "<group>";
		};
		6037BBD7207F89D400506D7B /* PhotoMaster */ = {
			isa = PBXGroup;
			children = (
				6037BBD8207F89D400506D7B /* AppDelegate.swift */,
				6037BBDA207F89D400506D7B /* ViewController.swift */,
				6037BBDC207F89D400506D7B /* Main.storyboard */,
				6037BC08207F9C3C00506D7B /* furo_ducky.jpg */,
				6037BBDF207F89D500506D7B /* Assets.xcassets */,
				6037BBE1207F89D500506D7B /* LaunchScreen.storyboard */,
				6037BBE4207F89D500506D7B /* Info.plist */,
			);
			path = PhotoMaster;
			sourceTree = "<group>";
		};
		6037BBEC207F89D500506D7B /* PhotoMasterTests */ = {
			isa = PBXGroup;
			children = (
				6037BBED207F89D500506D7B /* PhotoMasterTests.swift */,
				6037BBEF207F89D500506D7B /* Info.plist */,
			);
			path = PhotoMasterTests;
			sourceTree = "<group>";
		};
		6037BBF7207F89D500506D7B /* PhotoMasterUITests */ = {
			isa = PBXGroup;
			children = (
				6037BBF8207F89D500506D7B /* PhotoMasterUITests.swift */,
				6037BBFA207F89D500506D7B /* Info.plist */,
			);
			path = PhotoMasterUITests;
			sourceTree = "<group>";
		};
/* End PBXGroup section */

/* Begin PBXNativeTarget section */
		6037BBD4207F89D400506D7B /* PhotoMaster */ = {
			isa = PBXNativeTarget;
			buildConfigurationList = 6037BBFD207F89D500506D7B /* Build configuration list for PBXNativeTarget "PhotoMaster" */;
			buildPhases = (
				6037BBD1207F89D400506D7B /* Sources */,
				6037BBD2207F89D400506D7B /* Frameworks */,
				6037BBD3207F89D400506D7B /* Resources */,
			);
			buildRules = (
			);
			dependencies = (
			);
			name = PhotoMaster;
			productName = PhotoMaster;
			productReference = 6037BBD5207F89D400506D7B /* PhotoMaster.app */;
			productType = "com.apple.product-type.application";
		};
		6037BBE8207F89D500506D7B /* PhotoMasterTests */ = {
			isa = PBXNativeTarget;
			buildConfigurationList = 6037BC00207F89D500506D7B /* Build configuration list for PBXNativeTarget "PhotoMasterTests" */;
			buildPhases = (
				6037BBE5207F89D500506D7B /* Sources */,
				6037BBE6207F89D500506D7B /* Frameworks */,
				6037BBE7207F89D500506D7B /* Resources */,
			);
			buildRules = (
			);
			dependencies = (
				6037BBEB207F89D500506D7B /* PBXTargetDependency */,
			);
			name = PhotoMasterTests;
			productName = PhotoMasterTests;
			productReference = 6037BBE9207F89D500506D7B /* PhotoMasterTests.xctest */;
			productType = "com.apple.product-type.bundle.unit-test";
		};
		6037BBF3207F89D500506D7B /* PhotoMasterUITests */ = {
			isa = PBXNativeTarget;
			buildConfigurationList = 6037BC03207F89D500506D7B /* Build configuration list for PBXNativeTarget "PhotoMasterUITests" */;
			buildPhases = (
				6037BBF0207F89D500506D7B /* Sources */,
				6037BBF1207F89D500506D7B /* Frameworks */,
				6037BBF2207F89D500506D7B /* Resources */,
			);
			buildRules = (
			);
			dependencies = (
				6037BBF6207F89D500506D7B /* PBXTargetDependency */,
			);
			name = PhotoMasterUITests;
			productName = PhotoMasterUITests;
			productReference = 6037BBF4207F89D500506D7B /* PhotoMasterUITests.xctest */;
			productType = "com.apple.product-type.bundle.ui-testing";
		};
/* End PBXNativeTarget section */

/* Begin PBXProject section */
		6037BBCD207F89D400506D7B /* Project object */ = {
			isa = PBXProject;
			attributes = {
				LastSwiftUpdateCheck = 0930;
				LastUpgradeCheck = 0930;
				ORGANIZATIONNAME = "中嶋裕也";
				TargetAttributes = {
					6037BBD4207F89D400506D7B = {
						CreatedOnToolsVersion = 9.3;
					};
					6037BBE8207F89D500506D7B = {
						CreatedOnToolsVersion = 9.3;
						TestTargetID = 6037BBD4207F89D400506D7B;
					};
					6037BBF3207F89D500506D7B = {
						CreatedOnToolsVersion = 9.3;
						TestTargetID = 6037BBD4207F89D400506D7B;
					};
				};
			};
			buildConfigurationList = 6037BBD0207F89D400506D7B /* Build configuration list for PBXProject "PhotoMaster" */;
			compatibilityVersion = "Xcode 9.3";
			developmentRegion = en;
			hasScannedForEncodings = 0;
			knownRegions = (
				en,
				Base,
			);
			mainGroup = 6037BBCC207F89D400506D7B;
			productRefGroup = 6037BBD6207F89D400506D7B /* Products */;
			projectDirPath = "";
			projectRoot = "";
			targets = (
				6037BBD4207F89D400506D7B /* PhotoMaster */,
				6037BBE8207F89D500506D7B /* PhotoMasterTests */,
				6037BBF3207F89D500506D7B /* PhotoMasterUITests */,
			);
		};
/* End PBXProject section */

/* Begin PBXResourcesBuildPhase section */
		6037BBD3207F89D400506D7B /* Resources */ = {
			isa = PBXResourcesBuildPhase;
			buildActionMask = 2147483647;
			files = (
				6037BC09207F9C3C00506D7B /* furo_ducky.jpg in Resources */,
				6037BBE3207F89D500506D7B /* LaunchScreen.storyboard in Resources */,
				6037BBE0207F89D500506D7B /* Assets.xcassets in Resources */,
				6037BBDE207F89D400506D7B /* Main.storyboard in Resources */,
			);
			runOnlyForDeploymentPostprocessing = 0;
		};
		6037BBE7207F89D500506D7B /* Resources */ = {
			isa = PBXResourcesBuildPhase;
			buildActionMask = 2147483647;
			files = (
			);
			runOnlyForDeploymentPostprocessing = 0;
		};
		6037BBF2207F89D500506D7B /* Resources */ = {
			isa = PBXResourcesBuildPhase;
			buildActionMask = 2147483647;
			files = (
			);
			runOnlyForDeploymentPostprocessing = 0;
		};
/* End PBXResourcesBuildPhase section */

/* Begin PBXSourcesBuildPhase section */
		6037BBD1207F89D400506D7B /* Sources */ = {
			isa = PBXSourcesBuildPhase;
			buildActionMask = 2147483647;
			files = (
				6037BBDB207F89D400506D7B /* ViewController.swift in Sources */,
				6037BBD9207F89D400506D7B /* AppDelegate.swift in Sources */,
			);
			runOnlyForDeploymentPostprocessing = 0;
		};
		6037BBE5207F89D500506D7B /* Sources */ = {
			isa = PBXSourcesBuildPhase;
			buildActionMask = 2147483647;
			files = (
				6037BBEE207F89D500506D7B /* PhotoMasterTests.swift in Sources */,
			);
			runOnlyForDeploymentPostprocessing = 0;
		};
		6037BBF0207F89D500506D7B /* Sources */ = {
			isa = PBXSourcesBuildPhase;
			buildActionMask = 2147483647;
			files = (
				6037BBF9207F89D500506D7B /* PhotoMasterUITests.swift in Sources */,
			);
			runOnlyForDeploymentPostprocessing = 0;
		};
/* End PBXSourcesBuildPhase section */

/* Begin PBXTargetDependency section */
		6037BBEB207F89D500506D7B /* PBXTargetDependency */ = {
			isa = PBXTargetDependency;
			target = 6037BBD4207F89D400506D7B /* PhotoMaster */;
			targetProxy = 6037BBEA207F89D500506D7B /* PBXContainerItemProxy */;
		};
		6037BBF6207F89D500506D7B /* PBXTargetDependency */ = {
			isa = PBXTargetDependency;
			target = 6037BBD4207F89D400506D7B /* PhotoMaster */;
			targetProxy = 6037BBF5207F89D500506D7B /* PBXContainerItemProxy */;
		};
/* End PBXTargetDependency section */

/* Begin PBXVariantGroup section */
		6037BBDC207F89D400506D7B /* Main.storyboard */ = {
			isa = PBXVariantGroup;
			children = (
				6037BBDD207F89D400506D7B /* Base */,
			);
			name = Main.storyboard;
			sourceTree = "<group>";
		};
		6037BBE1207F89D500506D7B /* LaunchScreen.storyboard */ = {
			isa = PBXVariantGroup;
			children = (
				6037BBE2207F89D500506D7B /* Base */,
			);
			name = LaunchScreen.storyboard;
			sourceTree = "<group>";
		};
/* End PBXVariantGroup section */

/* Begin XCBuildConfiguration section */
		6037BBFB207F89D500506D7B /* Debug */ = {
			isa = XCBuildConfiguration;
			buildSettings = {
				ALWAYS_SEARCH_USER_PATHS = NO;
				CLANG_ANALYZER_NONNULL = YES;
				CLANG_ANALYZER_NUMBER_OBJECT_CONVERSION = YES_AGGRESSIVE;
				CLANG_CXX_LANGUAGE_STANDARD = "gnu++14";
				CLANG_CXX_LIBRARY = "libc++";
				CLANG_ENABLE_MODULES = YES;
				CLANG_ENABLE_OBJC_ARC = YES;
				CLANG_ENABLE_OBJC_WEAK = YES;
				CLANG_WARN_BLOCK_CAPTURE_AUTORELEASING = YES;
				CLANG_WARN_BOOL_CONVERSION = YES;
				CLANG_WARN_COMMA = YES;
				CLANG_WARN_CONSTANT_CONVERSION = YES;
				CLANG_WARN_DEPRECATED_OBJC_IMPLEMENTATIONS = YES;
				CLANG_WARN_DIRECT_OBJC_ISA_USAGE = YES_ERROR;
				CLANG_WARN_DOCUMENTATION_COMMENTS = YES;
				CLANG_WARN_EMPTY_BODY = YES;
				CLANG_WARN_ENUM_CONVERSION = YES;
				CLANG_WARN_INFINITE_RECURSION = YES;
				CLANG_WARN_INT_CONVERSION = YES;
				CLANG_WARN_NON_LITERAL_NULL_CONVERSION = YES;
				CLANG_WARN_OBJC_IMPLICIT_RETAIN_SELF = YES;
				CLANG_WARN_OBJC_LITERAL_CONVERSION = YES;
				CLANG_WARN_OBJC_ROOT_CLASS = YES_ERROR;
				CLANG_WARN_RANGE_LOOP_ANALYSIS = YES;
				CLANG_WARN_STRICT_PROTOTYPES = YES;
				CLANG_WARN_SUSPICIOUS_MOVE = YES;
				CLANG_WARN_UNGUARDED_AVAILABILITY = YES_AGGRESSIVE;
				CLANG_WARN_UNREACHABLE_CODE = YES;
				CLANG_WARN__DUPLICATE_METHOD_MATCH = YES;
				CODE_SIGN_IDENTITY = "iPhone Developer";
				COPY_PHASE_STRIP = NO;
				DEBUG_INFORMATION_FORMAT = dwarf;
				ENABLE_STRICT_OBJC_MSGSEND = YES;
				ENABLE_TESTABILITY = YES;
				GCC_C_LANGUAGE_STANDARD = gnu11;
				GCC_DYNAMIC_NO_PIC = NO;
				GCC_NO_COMMON_BLOCKS = YES;
				GCC_OPTIMIZATION_LEVEL = 0;
				GCC_PREPROCESSOR_DEFINITIONS = (
					"DEBUG=1",
					"$(inherited)",
				);
				GCC_WARN_64_TO_32_BIT_CONVERSION = YES;
				GCC_WARN_ABOUT_RETURN_TYPE = YES_ERROR;
				GCC_WARN_UNDECLARED_SELECTOR = YES;
				GCC_WARN_UNINITIALIZED_AUTOS = YES_AGGRESSIVE;
				GCC_WARN_UNUSED_FUNCTION = YES;
				GCC_WARN_UNUSED_VARIABLE = YES;
				IPHONEOS_DEPLOYMENT_TARGET = 11.3;
				MTL_ENABLE_DEBUG_INFO = YES;
				ONLY_ACTIVE_ARCH = YES;
				SDKROOT = iphoneos;
				SWIFT_ACTIVE_COMPILATION_CONDITIONS = DEBUG;
				SWIFT_OPTIMIZATION_LEVEL = "-Onone";
			};
			name = Debug;
		};
		6037BBFC207F89D500506D7B /* Release */ = {
			isa = XCBuildConfiguration;
			buildSettings = {
				ALWAYS_SEARCH_USER_PATHS = NO;
				CLANG_ANALYZER_NONNULL = YES;
				CLANG_ANALYZER_NUMBER_OBJECT_CONVERSION = YES_AGGRESSIVE;
				CLANG_CXX_LANGUAGE_STANDARD = "gnu++14";
				CLANG_CXX_LIBRARY = "libc++";
				CLANG_ENABLE_MODULES = YES;
				CLANG_ENABLE_OBJC_ARC = YES;
				CLANG_ENABLE_OBJC_WEAK = YES;
				CLANG_WARN_BLOCK_CAPTURE_AUTORELEASING = YES;
				CLANG_WARN_BOOL_CONVERSION = YES;
				CLANG_WARN_COMMA = YES;
				CLANG_WARN_CONSTANT_CONVERSION = YES;
				CLANG_WARN_DEPRECATED_OBJC_IMPLEMENTATIONS = YES;
				CLANG_WARN_DIRECT_OBJC_ISA_USAGE = YES_ERROR;
				CLANG_WARN_DOCUMENTATION_COMMENTS = YES;
				CLANG_WARN_EMPTY_BODY = YES;
				CLANG_WARN_ENUM_CONVERSION = YES;
				CLANG_WARN_INFINITE_RECURSION = YES;
				CLANG_WARN_INT_CONVERSION = YES;
				CLANG_WARN_NON_LITERAL_NULL_CONVERSION = YES;
				CLANG_WARN_OBJC_IMPLICIT_RETAIN_SELF = YES;
				CLANG_WARN_OBJC_LITERAL_CONVERSION = YES;
				CLANG_WARN_OBJC_ROOT_CLASS = YES_ERROR;
				CLANG_WARN_RANGE_LOOP_ANALYSIS = YES;
				CLANG_WARN_STRICT_PROTOTYPES = YES;
				CLANG_WARN_SUSPICIOUS_MOVE = YES;
				CLANG_WARN_UNGUARDED_AVAILABILITY = YES_AGGRESSIVE;
				CLANG_WARN_UNREACHABLE_CODE = YES;
				CLANG_WARN__DUPLICATE_METHOD_MATCH = YES;
				CODE_SIGN_IDENTITY = "iPhone Developer";
				COPY_PHASE_STRIP = NO;
				DEBUG_INFORMATION_FORMAT = "dwarf-with-dsym";
				ENABLE_NS_ASSERTIONS = NO;
				ENABLE_STRICT_OBJC_MSGSEND = YES;
				GCC_C_LANGUAGE_STANDARD = gnu11;
				GCC_NO_COMMON_BLOCKS = YES;
				GCC_WARN_64_TO_32_BIT_CONVERSION = YES;
				GCC_WARN_ABOUT_RETURN_TYPE = YES_ERROR;
				GCC_WARN_UNDECLARED_SELECTOR = YES;
				GCC_WARN_UNINITIALIZED_AUTOS = YES_AGGRESSIVE;
				GCC_WARN_UNUSED_FUNCTION = YES;
				GCC_WARN_UNUSED_VARIABLE = YES;
				IPHONEOS_DEPLOYMENT_TARGET = 11.3;
				MTL_ENABLE_DEBUG_INFO = NO;
				SDKROOT = iphoneos;
				SWIFT_COMPILATION_MODE = wholemodule;
				SWIFT_OPTIMIZATION_LEVEL = "-O";
				VALIDATE_PRODUCT = YES;
			};
			name = Release;
		};
		6037BBFE207F89D500506D7B /* Debug */ = {
			isa = XCBuildConfiguration;
			buildSettings = {
				ASSETCATALOG_COMPILER_APPICON_NAME = AppIcon;
				CODE_SIGN_STYLE = Automatic;
				DEVELOPMENT_TEAM = G38P4Z3EJZ;
				INFOPLIST_FILE = PhotoMaster/Info.plist;
				LD_RUNPATH_SEARCH_PATHS = (
					"$(inherited)",
					"@executable_path/Frameworks",
				);
				PRODUCT_BUNDLE_IDENTIFIER = prepre.PhotoMaster;
				PRODUCT_NAME = "$(TARGET_NAME)";
				SWIFT_VERSION = 4.0;
				TARGETED_DEVICE_FAMILY = "1,2";
			};
			name = Debug;
		};
		6037BBFF207F89D500506D7B /* Release */ = {
			isa = XCBuildConfiguration;
			buildSettings = {
				ASSETCATALOG_COMPILER_APPICON_NAME = AppIcon;
				CODE_SIGN_STYLE = Automatic;
				DEVELOPMENT_TEAM = G38P4Z3EJZ;
				INFOPLIST_FILE = PhotoMaster/Info.plist;
				LD_RUNPATH_SEARCH_PATHS = (
					"$(inherited)",
					"@executable_path/Frameworks",
				);
				PRODUCT_BUNDLE_IDENTIFIER = prepre.PhotoMaster;
				PRODUCT_NAME = "$(TARGET_NAME)";
				SWIFT_VERSION = 4.0;
				TARGETED_DEVICE_FAMILY = "1,2";
			};
			name = Release;
		};
		6037BC01207F89D500506D7B /* Debug */ = {
			isa = XCBuildConfiguration;
			buildSettings = {
				ALWAYS_EMBED_SWIFT_STANDARD_LIBRARIES = YES;
				BUNDLE_LOADER = "$(TEST_HOST)";
				CODE_SIGN_STYLE = Automatic;
				DEVELOPMENT_TEAM = 7G4R772ZVB;
				INFOPLIST_FILE = PhotoMasterTests/Info.plist;
				LD_RUNPATH_SEARCH_PATHS = (
					"$(inherited)",
					"@executable_path/Frameworks",
					"@loader_path/Frameworks",
				);
				PRODUCT_BUNDLE_IDENTIFIER = prepre.PhotoMasterTests;
				PRODUCT_NAME = "$(TARGET_NAME)";
				SWIFT_VERSION = 4.0;
				TARGETED_DEVICE_FAMILY = "1,2";
				TEST_HOST = "$(BUILT_PRODUCTS_DIR)/PhotoMaster.app/PhotoMaster";
			};
			name = Debug;
		};
		6037BC02207F89D500506D7B /* Release */ = {
			isa = XCBuildConfiguration;
			buildSettings = {
				ALWAYS_EMBED_SWIFT_STANDARD_LIBRARIES = YES;
				BUNDLE_LOADER = "$(TEST_HOST)";
				CODE_SIGN_STYLE = Automatic;
				DEVELOPMENT_TEAM = 7G4R772ZVB;
				INFOPLIST_FILE = PhotoMasterTests/Info.plist;
				LD_RUNPATH_SEARCH_PATHS = (
					"$(inherited)",
					"@executable_path/Frameworks",
					"@loader_path/Frameworks",
				);
				PRODUCT_BUNDLE_IDENTIFIER = prepre.PhotoMasterTests;
				PRODUCT_NAME = "$(TARGET_NAME)";
				SWIFT_VERSION = 4.0;
				TARGETED_DEVICE_FAMILY = "1,2";
				TEST_HOST = "$(BUILT_PRODUCTS_DIR)/PhotoMaster.app/PhotoMaster";
			};
			name = Release;
		};
		6037BC04207F89D500506D7B /* Debug */ = {
			isa = XCBuildConfiguration;
			buildSettings = {
				ALWAYS_EMBED_SWIFT_STANDARD_LIBRARIES = YES;
				CODE_SIGN_STYLE = Automatic;
				DEVELOPMENT_TEAM = 7G4R772ZVB;
				INFOPLIST_FILE = PhotoMasterUITests/Info.plist;
				LD_RUNPATH_SEARCH_PATHS = (
					"$(inherited)",
					"@executable_path/Frameworks",
					"@loader_path/Frameworks",
				);
				PRODUCT_BUNDLE_IDENTIFIER = prepre.PhotoMasterUITests;
				PRODUCT_NAME = "$(TARGET_NAME)";
				SWIFT_VERSION = 4.0;
				TARGETED_DEVICE_FAMILY = "1,2";
				TEST_TARGET_NAME = PhotoMaster;
			};
			name = Debug;
		};
		6037BC05207F89D500506D7B /* Release */ = {
			isa = XCBuildConfiguration;
			buildSettings = {
				ALWAYS_EMBED_SWIFT_STANDARD_LIBRARIES = YES;
				CODE_SIGN_STYLE = Automatic;
				DEVELOPMENT_TEAM = 7G4R772ZVB;
				INFOPLIST_FILE = PhotoMasterUITests/Info.plist;
				LD_RUNPATH_SEARCH_PATHS = (
					"$(inherited)",
					"@executable_path/Frameworks",
					"@loader_path/Frameworks",
				);
				PRODUCT_BUNDLE_IDENTIFIER = prepre.PhotoMasterUITests;
				PRODUCT_NAME = "$(TARGET_NAME)";
				SWIFT_VERSION = 4.0;
				TARGETED_DEVICE_FAMILY = "1,2";
				TEST_TARGET_NAME = PhotoMaster;
			};
			name = Release;
		};
/* End XCBuildConfiguration section */

/* Begin XCConfigurationList section */
		6037BBD0207F89D400506D7B /* Build configuration list for PBXProject "PhotoMaster" */ = {
			isa = XCConfigurationList;
			buildConfigurations = (
				6037BBFB207F89D500506D7B /* Debug */,
				6037BBFC207F89D500506D7B /* Release */,
			);
			defaultConfigurationIsVisible = 0;
			defaultConfigurationName = Release;
		};
		6037BBFD207F89D500506D7B /* Build configuration list for PBXNativeTarget "PhotoMaster" */ = {
			isa = XCConfigurationList;
			buildConfigurations = (
				6037BBFE207F89D500506D7B /* Debug */,
				6037BBFF207F89D500506D7B /* Release */,
			);
			defaultConfigurationIsVisible = 0;
			defaultConfigurationName = Release;
		};
		6037BC00207F89D500506D7B /* Build configuration list for PBXNativeTarget "PhotoMasterTests" */ = {
			isa = XCConfigurationList;
			buildConfigurations = (
				6037BC01207F89D500506D7B /* Debug */,
				6037BC02207F89D500506D7B /* Release */,
			);
			defaultConfigurationIsVisible = 0;
			defaultConfigurationName = Release;
		};
		6037BC03207F89D500506D7B /* Build configuration list for PBXNativeTarget "PhotoMasterUITests" */ = {
			isa = XCConfigurationList;
			buildConfigurations = (
				6037BC04207F89D500506D7B /* Debug */,
				6037BC05207F89D500506D7B /* Release */,
			);
			defaultConfigurationIsVisible = 0;
			defaultConfigurationName = Release;
		};
/* End XCConfigurationList section */
	};
	rootObject = 6037BBCD207F89D400506D7B /* Project object */;
}
